<?xml version="1.0" encoding="utf-8"?>
<Project ToolsVersion="4.0" xmlns="http://schemas.microsoft.com/developer/msbuild/2003">
  <ItemGroup>
    <Filter Include="cli">
      <UniqueIdentifier>{5D66880B-C96F-887C-52EB-9E7CBEF3937C}</UniqueIdentifier>
    </Filter>
    <Filter Include="include">
      <UniqueIdentifier>{89AF369E-F58E-B539-FEA6-40106A051C9B}</UniqueIdentifier>
    </Filter>
    <Filter Include="module">
      <UniqueIdentifier>{2BC7320E-1769-5DE4-0024-7138EC64E434}</UniqueIdentifier>
    </Filter>
    <Filter Include="optional">
      <UniqueIdentifier>{CB60FAAF-B72D-55BB-E046-4363CC728A49}</UniqueIdentifier>
    </Filter>
    <Filter Include="vm">
      <UniqueIdentifier>{E8795900-D405-880B-3DB4-880B295F880B}</UniqueIdentifier>
    </Filter>
  </ItemGroup>
  <ItemGroup>
    <ClInclude Include="..\..\..\src\cli\modules.h">
      <Filter>cli</Filter>
    </ClInclude>
    <ClInclude Include="..\..\..\src\cli\vm.h">
      <Filter>cli</Filter>
    </ClInclude>
    <ClInclude Include="..\..\..\src\include\wren.h">
      <Filter>include</Filter>
    </ClInclude>
    <ClInclude Include="..\..\..\src\module\io.h">
      <Filter>module</Filter>
    </ClInclude>
    <ClInclude Include="..\..\..\src\module\os.h">
      <Filter>module</Filter>
    </ClInclude>
    <ClInclude Include="..\..\..\src\module\repl.h">
      <Filter>module</Filter>
    </ClInclude>
    <ClInclude Include="..\..\..\src\module\scheduler.h">
      <Filter>module</Filter>
    </ClInclude>
    <ClInclude Include="..\..\..\src\optional\wren_opt_meta.h">
      <Filter>optional</Filter>
    </ClInclude>
    <ClInclude Include="..\..\..\src\optional\wren_opt_random.h">
      <Filter>optional</Filter>
    </ClInclude>
    <ClInclude Include="..\..\..\src\vm\wren_common.h">
      <Filter>vm</Filter>
    </ClInclude>
    <ClInclude Include="..\..\..\src\vm\wren_compiler.h">
      <Filter>vm</Filter>
    </ClInclude>
    <ClInclude Include="..\..\..\src\vm\wren_core.h">
      <Filter>vm</Filter>
    </ClInclude>
    <ClInclude Include="..\..\..\src\vm\wren_debug.h">
      <Filter>vm</Filter>
    </ClInclude>
    <ClInclude Include="..\..\..\src\vm\wren_opcodes.h">
      <Filter>vm</Filter>
    </ClInclude>
    <ClInclude Include="..\..\..\src\vm\wren_primitive.h">
      <Filter>vm</Filter>
    </ClInclude>
    <ClInclude Include="..\..\..\src\vm\wren_utils.h">
      <Filter>vm</Filter>
    </ClInclude>
    <ClInclude Include="..\..\..\src\vm\wren_value.h">
      <Filter>vm</Filter>
    </ClInclude>
    <ClInclude Include="..\..\..\src\vm\wren_vm.h">
      <Filter>vm</Filter>
    </ClInclude>
  </ItemGroup>
  <ItemGroup>
    <ClCompile Include="..\..\..\src\cli\main.c">
      <Filter>cli</Filter>
    </ClCompile>
    <ClCompile Include="..\..\..\src\cli\modules.c">
      <Filter>cli</Filter>
    </ClCompile>
    <ClCompile Include="..\..\..\src\cli\vm.c">
      <Filter>cli</Filter>
    </ClCompile>
    <ClCompile Include="..\..\..\src\module\io.c">
      <Filter>module</Filter>
    </ClCompile>
    <ClCompile Include="..\..\..\src\module\os.c">
      <Filter>module</Filter>
    </ClCompile>
    <ClCompile Include="..\..\..\src\module\repl.c">
      <Filter>module</Filter>
    </ClCompile>
    <ClCompile Include="..\..\..\src\module\scheduler.c">
      <Filter>module</Filter>
    </ClCompile>
    <ClCompile Include="..\..\..\src\module\timer.c">
      <Filter>module</Filter>
    </ClCompile>
    <ClCompile Include="..\..\..\src\optional\wren_opt_meta.c">
      <Filter>optional</Filter>
    </ClCompile>
    <ClCompile Include="..\..\..\src\optional\wren_opt_random.c">
      <Filter>optional</Filter>
    </ClCompile>
    <ClCompile Include="..\..\..\src\vm\wren_compiler.c">
      <Filter>vm</Filter>
    </ClCompile>
    <ClCompile Include="..\..\..\src\vm\wren_core.c">
      <Filter>vm</Filter>
    </ClCompile>
    <ClCompile Include="..\..\..\src\vm\wren_debug.c">
      <Filter>vm</Filter>
    </ClCompile>
    <ClCompile Include="..\..\..\src\vm\wren_primitive.c">
      <Filter>vm</Filter>
    </ClCompile>
    <ClCompile Include="..\..\..\src\vm\wren_utils.c">
      <Filter>vm</Filter>
    </ClCompile>
    <ClCompile Include="..\..\..\src\vm\wren_value.c">
      <Filter>vm</Filter>
    </ClCompile>
    <ClCompile Include="..\..\..\src\vm\wren_vm.c">
      <Filter>vm</Filter>
    </ClCompile>
  </ItemGroup>
</Project>