Microsoft Visual Studio Solution File, Format Version 12.00
# Visual Studio 2013
VisualStudioVersion = 12.0.31101.0
MinimumVisualStudioVersion = 10.0.40219.1
Project("{8BC9CEB8-8B4A-11D0-8D11-00A0C91BC942}") = "wren", "wren\wren.vcxproj", "{EBF43135-4A7A-400A-8F23-DF49907025AA}"
	ProjectSection(ProjectDependencies) = postProject
		{89CF2C43-749E-4EC4-A7C3-3F22FBA9B874} = {89CF2C43-749E-4EC4-A7C3-3F22FBA9B874}
	EndProjectSection
EndProject
Project("{8BC9CEB8-8B4A-11D0-8D11-00A0C91BC942}") = "wren_lib", "wren_lib\wren_lib.vcxproj", "{89CF2C43-749E-4EC4-A7C3-3F22FBA9B874}"
EndProject
Global
	GlobalSection(SolutionConfigurationPlatforms) = preSolution
		Debug|Win32 = Debug|Win32
		Release|Win32 = Release|Win32
	EndGlobalSection
	GlobalSection(ProjectConfigurationPlatforms) = postSolution
		{EBF43135-4A7A-400A-8F23-DF49907025AA}.Debug|Win32.ActiveCfg = Debug|Win32
		{EBF43135-4A7A-400A-8F23-DF49907025AA}.Debug|Win32.Build.0 = Debug|Win32
		{EBF43135-4A7A-400A-8F23-DF49907025AA}.Release|Win32.ActiveCfg = Release|Win32
		{EBF43135-4A7A-400A-8F23-DF49907025AA}.Release|Win32.Build.0 = Release|Win32
		{89CF2C43-749E-4EC4-A7C3-3F22FBA9B874}.Debug|Win32.ActiveCfg = Debug|Win32
		{89CF2C43-749E-4EC4-A7C3-3F22FBA9B874}.Debug|Win32.Build.0 = Debug|Win32
		{89CF2C43-749E-4EC4-A7C3-3F22FBA9B874}.Release|Win32.ActiveCfg = Release|Win32
		{89CF2C43-749E-4EC4-A7C3-3F22FBA9B874}.Release|Win32.Build.0 = Release|Win32
	EndGlobalSection
	GlobalSection(SolutionProperties) = preSolution
		HideSolutionNode = FALSE
	EndGlobalSection
EndGlobal
