// !$*UTF8*$!
{
	archiveVersion = 1;
	classes = {
	};
	objectVersion = 46;
	objects = {

/* Begin PBXBuildFile section */
		2901D7641B74F4050083A2C8 /* timer.c in Sources */ = {isa = PBXBuildFile; fileRef = 2901D7621B74F4050083A2C8 /* timer.c */; };
		291647C41BA5EA45006142EE /* scheduler.c in Sources */ = {isa = PBXBuildFile; fileRef = 291647C21BA5EA45006142EE /* scheduler.c */; };
		291647C71BA5EC5E006142EE /* modules.c in Sources */ = {isa = PBXBuildFile; fileRef = 291647C51BA5EC5E006142EE /* modules.c */; };
		291647C81BA5EC5E006142EE /* modules.c in Sources */ = {isa = PBXBuildFile; fileRef = 291647C51BA5EC5E006142EE /* modules.c */; };
		29205C8F1AB4E5C90073018D /* main.c in Sources */ = {isa = PBXBuildFile; fileRef = 29205C8E1AB4E5C90073018D /* main.c */; };
		29205C991AB4E6430073018D /* wren_compiler.c in Sources */ = {isa = PBXBuildFile; fileRef = 29205C921AB4E6430073018D /* wren_compiler.c */; };
		29205C9A1AB4E6430073018D /* wren_core.c in Sources */ = {isa = PBXBuildFile; fileRef = 29205C931AB4E6430073018D /* wren_core.c */; };
		29205C9B1AB4E6430073018D /* wren_debug.c in Sources */ = {isa = PBXBuildFile; fileRef = 29205C941AB4E6430073018D /* wren_debug.c */; };
		29205C9D1AB4E6430073018D /* wren_utils.c in Sources */ = {isa = PBXBuildFile; fileRef = 29205C961AB4E6430073018D /* wren_utils.c */; };
		29205C9E1AB4E6430073018D /* wren_value.c in Sources */ = {isa = PBXBuildFile; fileRef = 29205C971AB4E6430073018D /* wren_value.c */; };
		29205C9F1AB4E6430073018D /* wren_vm.c in Sources */ = {isa = PBXBuildFile; fileRef = 29205C981AB4E6430073018D /* wren_vm.c */; };
		293B25571CEFD8C7005D9537 /* repl.c in Sources */ = {isa = PBXBuildFile; fileRef = 293B25541CEFD8C7005D9537 /* repl.c */; };
		293B25581CEFD8C7005D9537 /* repl.c in Sources */ = {isa = PBXBuildFile; fileRef = 293B25541CEFD8C7005D9537 /* repl.c */; };
		293B25591CEFD8C7005D9537 /* repl.wren.inc in Sources */ = {isa = PBXBuildFile; fileRef = 293B25561CEFD8C7005D9537 /* repl.wren.inc */; };
		293B255A1CEFD8C7005D9537 /* repl.wren.inc in Sources */ = {isa = PBXBuildFile; fileRef = 293B25561CEFD8C7005D9537 /* repl.wren.inc */; };
		293D46961BB43F9900200083 /* call.c in Sources */ = {isa = PBXBuildFile; fileRef = 293D46941BB43F9900200083 /* call.c */; };
		2940E98D2063EC030054503C /* resolution.c in Sources */ = {isa = PBXBuildFile; fileRef = 2940E98B2063EC020054503C /* resolution.c */; };
		2940E9BC206607830054503C /* path.c in Sources */ = {isa = PBXBuildFile; fileRef = 2952CD1B1FA9941700985F5F /* path.c */; };
		2949AA8D1C2F14F000B106BA /* get_variable.c in Sources */ = {isa = PBXBuildFile; fileRef = 2949AA8B1C2F14F000B106BA /* get_variable.c */; };
		29512C811B91F8EB008C10E6 /* libuv.a in Frameworks */ = {isa = PBXBuildFile; fileRef = 29512C801B91F8EB008C10E6 /* libuv.a */; };
		29512C821B91F901008C10E6 /* libuv.a in Frameworks */ = {isa = PBXBuildFile; fileRef = 29512C801B91F8EB008C10E6 /* libuv.a */; };
		2952CD1D1FA9941700985F5F /* path.c in Sources */ = {isa = PBXBuildFile; fileRef = 2952CD1B1FA9941700985F5F /* path.c */; };
		29729F311BA70A620099CA20 /* io.c in Sources */ = {isa = PBXBuildFile; fileRef = 29729F2E1BA70A620099CA20 /* io.c */; };
		29729F321BA70A620099CA20 /* io.c in Sources */ = {isa = PBXBuildFile; fileRef = 29729F2E1BA70A620099CA20 /* io.c */; };
		29729F331BA70A620099CA20 /* io.wren.inc in Sources */ = {isa = PBXBuildFile; fileRef = 29729F301BA70A620099CA20 /* io.wren.inc */; };
		2986F6D71ACF93BA00BCE26C /* wren_primitive.c in Sources */ = {isa = PBXBuildFile; fileRef = 2986F6D51ACF93BA00BCE26C /* wren_primitive.c */; };
		29932D511C20D8C900099DEE /* benchmark.c in Sources */ = {isa = PBXBuildFile; fileRef = 29932D4F1C20D8C900099DEE /* benchmark.c */; };
		29932D541C210F8D00099DEE /* lists.c in Sources */ = {isa = PBXBuildFile; fileRef = 29932D521C210F8D00099DEE /* lists.c */; };
		29A427341BDBE435001E6E22 /* wren_opt_meta.c in Sources */ = {isa = PBXBuildFile; fileRef = 29A4272E1BDBE435001E6E22 /* wren_opt_meta.c */; };
		29A427351BDBE435001E6E22 /* wren_opt_meta.c in Sources */ = {isa = PBXBuildFile; fileRef = 29A4272E1BDBE435001E6E22 /* wren_opt_meta.c */; };
		29A427361BDBE435001E6E22 /* wren_opt_meta.wren.inc in Sources */ = {isa = PBXBuildFile; fileRef = 29A427301BDBE435001E6E22 /* wren_opt_meta.wren.inc */; };
		29A427371BDBE435001E6E22 /* wren_opt_meta.wren.inc in Sources */ = {isa = PBXBuildFile; fileRef = 29A427301BDBE435001E6E22 /* wren_opt_meta.wren.inc */; };
		29A427381BDBE435001E6E22 /* wren_opt_random.c in Sources */ = {isa = PBXBuildFile; fileRef = 29A427311BDBE435001E6E22 /* wren_opt_random.c */; };
		29A427391BDBE435001E6E22 /* wren_opt_random.c in Sources */ = {isa = PBXBuildFile; fileRef = 29A427311BDBE435001E6E22 /* wren_opt_random.c */; };
		29A4273A1BDBE435001E6E22 /* wren_opt_random.wren.inc in Sources */ = {isa = PBXBuildFile; fileRef = 29A427331BDBE435001E6E22 /* wren_opt_random.wren.inc */; };
		29A4273B1BDBE435001E6E22 /* wren_opt_random.wren.inc in Sources */ = {isa = PBXBuildFile; fileRef = 29A427331BDBE435001E6E22 /* wren_opt_random.wren.inc */; };
		29AD96611D0A57F800C4DFE7 /* error.c in Sources */ = {isa = PBXBuildFile; fileRef = 29AD965F1D0A57F800C4DFE7 /* error.c */; };
		29B59F0820FC37B700767E48 /* path_test.c in Sources */ = {isa = PBXBuildFile; fileRef = 29B59F0320FC37B600767E48 /* path_test.c */; };
		29B59F0920FC37B700767E48 /* main.c in Sources */ = {isa = PBXBuildFile; fileRef = 29B59F0420FC37B700767E48 /* main.c */; };
		29B59F0A20FC37B700767E48 /* test.c in Sources */ = {isa = PBXBuildFile; fileRef = 29B59F0520FC37B700767E48 /* test.c */; };
		29BB20AB20FEBEE900DB29B6 /* path.c in Sources */ = {isa = PBXBuildFile; fileRef = 2952CD1B1FA9941700985F5F /* path.c */; };
		29BB20AC20FEBF0500DB29B6 /* resolution.c in Sources */ = {isa = PBXBuildFile; fileRef = 2940E98B2063EC020054503C /* resolution.c */; };
		29C80D5A1D73332A00493837 /* reset_stack_after_foreign_construct.c in Sources */ = {isa = PBXBuildFile; fileRef = 29C80D581D73332A00493837 /* reset_stack_after_foreign_construct.c */; };
		29C8A9331AB71FFF00DEC81D /* vm.c in Sources */ = {isa = PBXBuildFile; fileRef = 29C8A9311AB71FFF00DEC81D /* vm.c */; };
		29C946981C88F14F00B4A4F3 /* new_vm.c in Sources */ = {isa = PBXBuildFile; fileRef = 29C946961C88F14F00B4A4F3 /* new_vm.c */; };
		29D025E31C19CD1000A3BB28 /* os.c in Sources */ = {isa = PBXBuildFile; fileRef = 29D025E01C19CD1000A3BB28 /* os.c */; };
		29D025E41C19CD1000A3BB28 /* os.c in Sources */ = {isa = PBXBuildFile; fileRef = 29D025E01C19CD1000A3BB28 /* os.c */; };
		29D025E51C19CD1000A3BB28 /* os.wren.inc in Sources */ = {isa = PBXBuildFile; fileRef = 29D025E21C19CD1000A3BB28 /* os.wren.inc */; };
		29D025E61C19CD1000A3BB28 /* os.wren.inc in Sources */ = {isa = PBXBuildFile; fileRef = 29D025E21C19CD1000A3BB28 /* os.wren.inc */; };
		29D24DB21E82C0A2006618CC /* user_data.c in Sources */ = {isa = PBXBuildFile; fileRef = 29D24DB01E82C0A2006618CC /* user_data.c */; };
		29D880661DC8ECF600025364 /* reset_stack_after_call_abort.c in Sources */ = {isa = PBXBuildFile; fileRef = 29D880641DC8ECF600025364 /* reset_stack_after_call_abort.c */; };
		29DC149F1BBA2FCC008A8274 /* vm.c in Sources */ = {isa = PBXBuildFile; fileRef = 29C8A9311AB71FFF00DEC81D /* vm.c */; };
		29DC14A01BBA2FD6008A8274 /* timer.c in Sources */ = {isa = PBXBuildFile; fileRef = 2901D7621B74F4050083A2C8 /* timer.c */; };
		29DC14A11BBA2FEC008A8274 /* scheduler.c in Sources */ = {isa = PBXBuildFile; fileRef = 291647C21BA5EA45006142EE /* scheduler.c */; };
		29DC14A21BBA300A008A8274 /* wren_compiler.c in Sources */ = {isa = PBXBuildFile; fileRef = 29205C921AB4E6430073018D /* wren_compiler.c */; };
		29DC14A31BBA300D008A8274 /* wren_core.c in Sources */ = {isa = PBXBuildFile; fileRef = 29205C931AB4E6430073018D /* wren_core.c */; };
		29DC14A41BBA3010008A8274 /* wren_debug.c in Sources */ = {isa = PBXBuildFile; fileRef = 29205C941AB4E6430073018D /* wren_debug.c */; };
		29DC14A61BBA3017008A8274 /* wren_primitive.c in Sources */ = {isa = PBXBuildFile; fileRef = 2986F6D51ACF93BA00BCE26C /* wren_primitive.c */; };
		29DC14A71BBA301A008A8274 /* wren_utils.c in Sources */ = {isa = PBXBuildFile; fileRef = 29205C961AB4E6430073018D /* wren_utils.c */; };
		29DC14A81BBA301D008A8274 /* wren_value.c in Sources */ = {isa = PBXBuildFile; fileRef = 29205C971AB4E6430073018D /* wren_value.c */; };
		29DC14A91BBA302F008A8274 /* wren_vm.c in Sources */ = {isa = PBXBuildFile; fileRef = 29205C981AB4E6430073018D /* wren_vm.c */; };
		29DC14AA1BBA3032008A8274 /* main.c in Sources */ = {isa = PBXBuildFile; fileRef = 29D009A61B7E3993000CE58C /* main.c */; };
		29DC14AB1BBA3038008A8274 /* foreign_class.c in Sources */ = {isa = PBXBuildFile; fileRef = 29D009A81B7E39A8000CE58C /* foreign_class.c */; };
		29DC14AC1BBA303D008A8274 /* slots.c in Sources */ = {isa = PBXBuildFile; fileRef = 29D009AA1B7E39A8000CE58C /* slots.c */; };
		29DC14AD1BBA3040008A8274 /* handle.c in Sources */ = {isa = PBXBuildFile; fileRef = 29D009AC1B7E39A8000CE58C /* handle.c */; };
		29F3D08121039A630082DD88 /* call_wren_call_root.c in Sources */ = {isa = PBXBuildFile; fileRef = 29F3D08021039A630082DD88 /* call_wren_call_root.c */; };
/* End PBXBuildFile section */

/* Begin PBXCopyFilesBuildPhase section */
		2940E9B4206605DE0054503C /* CopyFiles */ = {
			isa = PBXCopyFilesBuildPhase;
			buildActionMask = 2147483647;
			dstPath = /usr/share/man/man1/;
			dstSubfolderSpec = 0;
			files = (
			);
			runOnlyForDeploymentPostprocessing = 1;
		};
		29AB1F041816E3AD004B501E /* CopyFiles */ = {
			isa = PBXCopyFilesBuildPhase;
			buildActionMask = 2147483647;
			dstPath = /usr/share/man/man1/;
			dstSubfolderSpec = 0;
			files = (
			);
			runOnlyForDeploymentPostprocessing = 1;
		};
		29D0099D1B7E397D000CE58C /* CopyFiles */ = {
			isa = PBXCopyFilesBuildPhase;
			buildActionMask = 2147483647;
			dstPath = /usr/share/man/man1/;
			dstSubfolderSpec = 0;
			files = (
			);
			runOnlyForDeploymentPostprocessing = 1;
		};
/* End PBXCopyFilesBuildPhase section */

/* Begin PBXFileReference section */
		2901D7621B74F4050083A2C8 /* timer.c */ = {isa = PBXFileReference; fileEncoding = 4; lastKnownFileType = sourcecode.c.c; name = timer.c; path = ../../src/module/timer.c; sourceTree = "<group>"; };
		291647C21BA5EA45006142EE /* scheduler.c */ = {isa = PBXFileReference; fileEncoding = 4; lastKnownFileType = sourcecode.c.c; name = scheduler.c; path = ../../src/module/scheduler.c; sourceTree = "<group>"; };
		291647C31BA5EA45006142EE /* scheduler.h */ = {isa = PBXFileReference; fileEncoding = 4; lastKnownFileType = sourcecode.c.h; name = scheduler.h; path = ../../src/module/scheduler.h; sourceTree = "<group>"; };
		291647C51BA5EC5E006142EE /* modules.c */ = {isa = PBXFileReference; fileEncoding = 4; lastKnownFileType = sourcecode.c.c; name = modules.c; path = ../../src/cli/modules.c; sourceTree = "<group>"; };
		291647C61BA5EC5E006142EE /* modules.h */ = {isa = PBXFileReference; fileEncoding = 4; lastKnownFileType = sourcecode.c.h; name = modules.h; path = ../../src/cli/modules.h; sourceTree = "<group>"; };
		291647CD1BA5ED26006142EE /* scheduler.wren.inc */ = {isa = PBXFileReference; fileEncoding = 4; lastKnownFileType = sourcecode.pascal; name = scheduler.wren.inc; path = ../../src/module/scheduler.wren.inc; sourceTree = "<group>"; };
		291647CE1BA5ED26006142EE /* timer.wren.inc */ = {isa = PBXFileReference; fileEncoding = 4; lastKnownFileType = sourcecode.pascal; name = timer.wren.inc; path = ../../src/module/timer.wren.inc; sourceTree = "<group>"; };
		29205C8E1AB4E5C90073018D /* main.c */ = {isa = PBXFileReference; lastKnownFileType = sourcecode.c.c; name = main.c; path = ../../src/cli/main.c; sourceTree = "<group>"; };
		29205C901AB4E62B0073018D /* wren.h */ = {isa = PBXFileReference; lastKnownFileType = sourcecode.c.h; name = wren.h; path = ../../src/include/wren.h; sourceTree = "<group>"; };
		29205C921AB4E6430073018D /* wren_compiler.c */ = {isa = PBXFileReference; lastKnownFileType = sourcecode.c.c; name = wren_compiler.c; path = ../../src/vm/wren_compiler.c; sourceTree = "<group>"; };
		29205C931AB4E6430073018D /* wren_core.c */ = {isa = PBXFileReference; lastKnownFileType = sourcecode.c.c; name = wren_core.c; path = ../../src/vm/wren_core.c; sourceTree = "<group>"; };
		29205C941AB4E6430073018D /* wren_debug.c */ = {isa = PBXFileReference; lastKnownFileType = sourcecode.c.c; name = wren_debug.c; path = ../../src/vm/wren_debug.c; sourceTree = "<group>"; };
		29205C961AB4E6430073018D /* wren_utils.c */ = {isa = PBXFileReference; lastKnownFileType = sourcecode.c.c; name = wren_utils.c; path = ../../src/vm/wren_utils.c; sourceTree = "<group>"; };
		29205C971AB4E6430073018D /* wren_value.c */ = {isa = PBXFileReference; lastKnownFileType = sourcecode.c.c; name = wren_value.c; path = ../../src/vm/wren_value.c; sourceTree = "<group>"; };
		29205C981AB4E6430073018D /* wren_vm.c */ = {isa = PBXFileReference; lastKnownFileType = sourcecode.c.c; name = wren_vm.c; path = ../../src/vm/wren_vm.c; sourceTree = "<group>"; };
		29205CA11AB4E65E0073018D /* wren_common.h */ = {isa = PBXFileReference; fileEncoding = 4; lastKnownFileType = sourcecode.c.h; name = wren_common.h; path = ../../src/vm/wren_common.h; sourceTree = "<group>"; };
		29205CA21AB4E65E0073018D /* wren_compiler.h */ = {isa = PBXFileReference; fileEncoding = 4; lastKnownFileType = sourcecode.c.h; name = wren_compiler.h; path = ../../src/vm/wren_compiler.h; sourceTree = "<group>"; };
		29205CA31AB4E65E0073018D /* wren_core.h */ = {isa = PBXFileReference; fileEncoding = 4; lastKnownFileType = sourcecode.c.h; name = wren_core.h; path = ../../src/vm/wren_core.h; sourceTree = "<group>"; };
		29205CA41AB4E65E0073018D /* wren_debug.h */ = {isa = PBXFileReference; fileEncoding = 4; lastKnownFileType = sourcecode.c.h; name = wren_debug.h; path = ../../src/vm/wren_debug.h; sourceTree = "<group>"; };
		29205CA61AB4E65E0073018D /* wren_utils.h */ = {isa = PBXFileReference; fileEncoding = 4; lastKnownFileType = sourcecode.c.h; name = wren_utils.h; path = ../../src/vm/wren_utils.h; sourceTree = "<group>"; };
		29205CA71AB4E65E0073018D /* wren_value.h */ = {isa = PBXFileReference; fileEncoding = 4; lastKnownFileType = sourcecode.c.h; name = wren_value.h; path = ../../src/vm/wren_value.h; sourceTree = "<group>"; };
		29205CA81AB4E65E0073018D /* wren_vm.h */ = {isa = PBXFileReference; fileEncoding = 4; lastKnownFileType = sourcecode.c.h; name = wren_vm.h; path = ../../src/vm/wren_vm.h; sourceTree = "<group>"; };
		293B25541CEFD8C7005D9537 /* repl.c */ = {isa = PBXFileReference; fileEncoding = 4; lastKnownFileType = sourcecode.c.c; name = repl.c; path = ../../src/module/repl.c; sourceTree = "<group>"; };
		293B25551CEFD8C7005D9537 /* repl.h */ = {isa = PBXFileReference; fileEncoding = 4; lastKnownFileType = sourcecode.c.h; name = repl.h; path = ../../src/module/repl.h; sourceTree = "<group>"; };
		293B25561CEFD8C7005D9537 /* repl.wren.inc */ = {isa = PBXFileReference; fileEncoding = 4; lastKnownFileType = sourcecode.pascal; name = repl.wren.inc; path = ../../src/module/repl.wren.inc; sourceTree = "<group>"; };
		293D46941BB43F9900200083 /* call.c */ = {isa = PBXFileReference; fileEncoding = 4; lastKnownFileType = sourcecode.c.c; name = call.c; path = ../../test/api/call.c; sourceTree = "<group>"; };
		293D46951BB43F9900200083 /* call.h */ = {isa = PBXFileReference; fileEncoding = 4; lastKnownFileType = sourcecode.c.h; name = call.h; path = ../../test/api/call.h; sourceTree = "<group>"; };
		2940E98B2063EC020054503C /* resolution.c */ = {isa = PBXFileReference; fileEncoding = 4; lastKnownFileType = sourcecode.c.c; name = resolution.c; path = ../../test/api/resolution.c; sourceTree = "<group>"; };
		2940E98C2063EC020054503C /* resolution.h */ = {isa = PBXFileReference; fileEncoding = 4; lastKnownFileType = sourcecode.c.h; name = resolution.h; path = ../../test/api/resolution.h; sourceTree = "<group>"; };
		2940E9B8206605DE0054503C /* unit_test */ = {isa = PBXFileReference; explicitFileType = "compiled.mach-o.executable"; includeInIndex = 0; path = unit_test; sourceTree = BUILT_PRODUCTS_DIR; };
		2949AA8B1C2F14F000B106BA /* get_variable.c */ = {isa = PBXFileReference; fileEncoding = 4; lastKnownFileType = sourcecode.c.c; name = get_variable.c; path = ../../test/api/get_variable.c; sourceTree = "<group>"; };
		2949AA8C1C2F14F000B106BA /* get_variable.h */ = {isa = PBXFileReference; fileEncoding = 4; lastKnownFileType = sourcecode.c.h; name = get_variable.h; path = ../../test/api/get_variable.h; sourceTree = "<group>"; };
		29512C7F1B91F86E008C10E6 /* api_test */ = {isa = PBXFileReference; explicitFileType = "compiled.mach-o.executable"; includeInIndex = 0; path = api_test; sourceTree = BUILT_PRODUCTS_DIR; };
		29512C801B91F8EB008C10E6 /* libuv.a */ = {isa = PBXFileReference; lastKnownFileType = archive.ar; name = libuv.a; path = ../../build/libuv.a; sourceTree = "<group>"; };
		2952CD1B1FA9941700985F5F /* path.c */ = {isa = PBXFileReference; fileEncoding = 4; lastKnownFileType = sourcecode.c.c; name = path.c; path = ../../src/cli/path.c; sourceTree = "<group>"; };
		2952CD1C1FA9941700985F5F /* path.h */ = {isa = PBXFileReference; fileEncoding = 4; lastKnownFileType = sourcecode.c.h; name = path.h; path = ../../src/cli/path.h; sourceTree = "<group>"; };
		296371B31AC713D000079FDA /* wren_opcodes.h */ = {isa = PBXFileReference; fileEncoding = 4; lastKnownFileType = sourcecode.c.h; name = wren_opcodes.h; path = ../../src/vm/wren_opcodes.h; sourceTree = "<group>"; };
		29703E57206DC7B7004004DC /* stat.h */ = {isa = PBXFileReference; fileEncoding = 4; lastKnownFileType = sourcecode.c.h; name = stat.h; path = ../../src/cli/stat.h; sourceTree = "<group>"; };
		29729F2E1BA70A620099CA20 /* io.c */ = {isa = PBXFileReference; fileEncoding = 4; lastKnownFileType = sourcecode.c.c; name = io.c; path = ../../src/module/io.c; sourceTree = "<group>"; };
		29729F301BA70A620099CA20 /* io.wren.inc */ = {isa = PBXFileReference; fileEncoding = 4; lastKnownFileType = sourcecode.pascal; name = io.wren.inc; path = ../../src/module/io.wren.inc; sourceTree = "<group>"; };
		2986F6D51ACF93BA00BCE26C /* wren_primitive.c */ = {isa = PBXFileReference; fileEncoding = 4; lastKnownFileType = sourcecode.c.c; name = wren_primitive.c; path = ../../src/vm/wren_primitive.c; sourceTree = "<group>"; };
		2986F6D61ACF93BA00BCE26C /* wren_primitive.h */ = {isa = PBXFileReference; fileEncoding = 4; lastKnownFileType = sourcecode.c.h; name = wren_primitive.h; path = ../../src/vm/wren_primitive.h; sourceTree = "<group>"; };
		29932D4F1C20D8C900099DEE /* benchmark.c */ = {isa = PBXFileReference; fileEncoding = 4; lastKnownFileType = sourcecode.c.c; name = benchmark.c; path = ../../test/api/benchmark.c; sourceTree = "<group>"; };
		29932D501C20D8C900099DEE /* benchmark.h */ = {isa = PBXFileReference; fileEncoding = 4; lastKnownFileType = sourcecode.c.h; name = benchmark.h; path = ../../test/api/benchmark.h; sourceTree = "<group>"; };
		29932D521C210F8D00099DEE /* lists.c */ = {isa = PBXFileReference; fileEncoding = 4; lastKnownFileType = sourcecode.c.c; name = lists.c; path = ../../test/api/lists.c; sourceTree = "<group>"; };
		29932D531C210F8D00099DEE /* lists.h */ = {isa = PBXFileReference; fileEncoding = 4; lastKnownFileType = sourcecode.c.h; name = lists.h; path = ../../test/api/lists.h; sourceTree = "<group>"; };
		29A4272E1BDBE435001E6E22 /* wren_opt_meta.c */ = {isa = PBXFileReference; fileEncoding = 4; lastKnownFileType = sourcecode.c.c; name = wren_opt_meta.c; path = ../../src/optional/wren_opt_meta.c; sourceTree = "<group>"; };
		29A4272F1BDBE435001E6E22 /* wren_opt_meta.h */ = {isa = PBXFileReference; fileEncoding = 4; lastKnownFileType = sourcecode.c.h; name = wren_opt_meta.h; path = ../../src/optional/wren_opt_meta.h; sourceTree = "<group>"; };
		29A427301BDBE435001E6E22 /* wren_opt_meta.wren.inc */ = {isa = PBXFileReference; fileEncoding = 4; lastKnownFileType = sourcecode.pascal; name = wren_opt_meta.wren.inc; path = ../../src/optional/wren_opt_meta.wren.inc; sourceTree = "<group>"; };
		29A427311BDBE435001E6E22 /* wren_opt_random.c */ = {isa = PBXFileReference; fileEncoding = 4; lastKnownFileType = sourcecode.c.c; name = wren_opt_random.c; path = ../../src/optional/wren_opt_random.c; sourceTree = "<group>"; };
		29A427321BDBE435001E6E22 /* wren_opt_random.h */ = {isa = PBXFileReference; fileEncoding = 4; lastKnownFileType = sourcecode.c.h; name = wren_opt_random.h; path = ../../src/optional/wren_opt_random.h; sourceTree = "<group>"; };
		29A427331BDBE435001E6E22 /* wren_opt_random.wren.inc */ = {isa = PBXFileReference; fileEncoding = 4; lastKnownFileType = sourcecode.pascal; name = wren_opt_random.wren.inc; path = ../../src/optional/wren_opt_random.wren.inc; sourceTree = "<group>"; };
		29AB1F061816E3AD004B501E /* wren */ = {isa = PBXFileReference; explicitFileType = "compiled.mach-o.executable"; includeInIndex = 0; path = wren; sourceTree = BUILT_PRODUCTS_DIR; };
		29AD965F1D0A57F800C4DFE7 /* error.c */ = {isa = PBXFileReference; fileEncoding = 4; lastKnownFileType = sourcecode.c.c; name = error.c; path = ../../test/api/error.c; sourceTree = "<group>"; };
		29AD96601D0A57F800C4DFE7 /* error.h */ = {isa = PBXFileReference; fileEncoding = 4; lastKnownFileType = sourcecode.c.h; name = error.h; path = ../../test/api/error.h; sourceTree = "<group>"; };
		29B59F0320FC37B600767E48 /* path_test.c */ = {isa = PBXFileReference; fileEncoding = 4; lastKnownFileType = sourcecode.c.c; name = path_test.c; path = ../../test/unit/path_test.c; sourceTree = "<group>"; };
		29B59F0420FC37B700767E48 /* main.c */ = {isa = PBXFileReference; fileEncoding = 4; lastKnownFileType = sourcecode.c.c; name = main.c; path = ../../test/unit/main.c; sourceTree = "<group>"; };
		29B59F0520FC37B700767E48 /* test.c */ = {isa = PBXFileReference; fileEncoding = 4; lastKnownFileType = sourcecode.c.c; name = test.c; path = ../../test/unit/test.c; sourceTree = "<group>"; };
		29B59F0620FC37B700767E48 /* path_test.h */ = {isa = PBXFileReference; fileEncoding = 4; lastKnownFileType = sourcecode.c.h; name = path_test.h; path = ../../test/unit/path_test.h; sourceTree = "<group>"; };
		29B59F0720FC37B700767E48 /* test.h */ = {isa = PBXFileReference; fileEncoding = 4; lastKnownFileType = sourcecode.c.h; name = test.h; path = ../../test/unit/test.h; sourceTree = "<group>"; };
		29C80D581D73332A00493837 /* reset_stack_after_foreign_construct.c */ = {isa = PBXFileReference; fileEncoding = 4; lastKnownFileType = sourcecode.c.c; name = reset_stack_after_foreign_construct.c; path = ../../test/api/reset_stack_after_foreign_construct.c; sourceTree = "<group>"; };
		29C80D591D73332A00493837 /* reset_stack_after_foreign_construct.h */ = {isa = PBXFileReference; fileEncoding = 4; lastKnownFileType = sourcecode.c.h; name = reset_stack_after_foreign_construct.h; path = ../../test/api/reset_stack_after_foreign_construct.h; sourceTree = "<group>"; };
		29C8A9311AB71FFF00DEC81D /* vm.c */ = {isa = PBXFileReference; fileEncoding = 4; lastKnownFileType = sourcecode.c.c; name = vm.c; path = ../../src/cli/vm.c; sourceTree = "<group>"; };
		29C8A9321AB71FFF00DEC81D /* vm.h */ = {isa = PBXFileReference; fileEncoding = 4; lastKnownFileType = sourcecode.c.h; name = vm.h; path = ../../src/cli/vm.h; sourceTree = "<group>"; };
		29C946961C88F14F00B4A4F3 /* new_vm.c */ = {isa = PBXFileReference; fileEncoding = 4; lastKnownFileType = sourcecode.c.c; name = new_vm.c; path = ../../test/api/new_vm.c; sourceTree = "<group>"; };
		29C946971C88F14F00B4A4F3 /* new_vm.h */ = {isa = PBXFileReference; fileEncoding = 4; lastKnownFileType = sourcecode.c.h; name = new_vm.h; path = ../../test/api/new_vm.h; sourceTree = "<group>"; };
		29D009A61B7E3993000CE58C /* main.c */ = {isa = PBXFileReference; fileEncoding = 4; lastKnownFileType = sourcecode.c.c; name = main.c; path = ../../test/api/main.c; sourceTree = "<group>"; };
		29D009A81B7E39A8000CE58C /* foreign_class.c */ = {isa = PBXFileReference; fileEncoding = 4; lastKnownFileType = sourcecode.c.c; name = foreign_class.c; path = ../../test/api/foreign_class.c; sourceTree = "<group>"; };
		29D009A91B7E39A8000CE58C /* foreign_class.h */ = {isa = PBXFileReference; fileEncoding = 4; lastKnownFileType = sourcecode.c.h; name = foreign_class.h; path = ../../test/api/foreign_class.h; sourceTree = "<group>"; };
		29D009AA1B7E39A8000CE58C /* slots.c */ = {isa = PBXFileReference; fileEncoding = 4; lastKnownFileType = sourcecode.c.c; name = slots.c; path = ../../test/api/slots.c; sourceTree = "<group>"; };
		29D009AB1B7E39A8000CE58C /* slots.h */ = {isa = PBXFileReference; fileEncoding = 4; lastKnownFileType = sourcecode.c.h; name = slots.h; path = ../../test/api/slots.h; sourceTree = "<group>"; };
		29D009AC1B7E39A8000CE58C /* handle.c */ = {isa = PBXFileReference; fileEncoding = 4; lastKnownFileType = sourcecode.c.c; name = handle.c; path = ../../test/api/handle.c; sourceTree = "<group>"; };
		29D009AD1B7E39A8000CE58C /* handle.h */ = {isa = PBXFileReference; fileEncoding = 4; lastKnownFileType = sourcecode.c.h; name = handle.h; path = ../../test/api/handle.h; sourceTree = "<group>"; };
		29D025E01C19CD1000A3BB28 /* os.c */ = {isa = PBXFileReference; fileEncoding = 4; lastKnownFileType = sourcecode.c.c; name = os.c; path = ../../src/module/os.c; sourceTree = "<group>"; };
		29D025E11C19CD1000A3BB28 /* os.h */ = {isa = PBXFileReference; fileEncoding = 4; lastKnownFileType = sourcecode.c.h; name = os.h; path = ../../src/module/os.h; sourceTree = "<group>"; };
		29D025E21C19CD1000A3BB28 /* os.wren.inc */ = {isa = PBXFileReference; fileEncoding = 4; lastKnownFileType = sourcecode.pascal; name = os.wren.inc; path = ../../src/module/os.wren.inc; sourceTree = "<group>"; };
		29D24DB01E82C0A2006618CC /* user_data.c */ = {isa = PBXFileReference; fileEncoding = 4; lastKnownFileType = sourcecode.c.c; name = user_data.c; path = ../../test/api/user_data.c; sourceTree = "<group>"; };
		29D24DB11E82C0A2006618CC /* user_data.h */ = {isa = PBXFileReference; fileEncoding = 4; lastKnownFileType = sourcecode.c.h; name = user_data.h; path = ../../test/api/user_data.h; sourceTree = "<group>"; };
		29D880641DC8ECF600025364 /* reset_stack_after_call_abort.c */ = {isa = PBXFileReference; fileEncoding = 4; lastKnownFileType = sourcecode.c.c; name = reset_stack_after_call_abort.c; path = ../../test/api/reset_stack_after_call_abort.c; sourceTree = "<group>"; };
		29D880651DC8ECF600025364 /* reset_stack_after_call_abort.h */ = {isa = PBXFileReference; fileEncoding = 4; lastKnownFileType = sourcecode.c.h; name = reset_stack_after_call_abort.h; path = ../../test/api/reset_stack_after_call_abort.h; sourceTree = "<group>"; };
		29F384111BD19706002F84E0 /* io.h */ = {isa = PBXFileReference; fileEncoding = 4; lastKnownFileType = sourcecode.c.h; name = io.h; path = ../../src/module/io.h; sourceTree = "<group>"; };
		29F3D07F21039A630082DD88 /* call_wren_call_root.h */ = {isa = PBXFileReference; fileEncoding = 4; lastKnownFileType = sourcecode.c.h; name = call_wren_call_root.h; path = ../../test/api/call_wren_call_root.h; sourceTree = "<group>"; };
		29F3D08021039A630082DD88 /* call_wren_call_root.c */ = {isa = PBXFileReference; fileEncoding = 4; lastKnownFileType = sourcecode.c.c; name = call_wren_call_root.c; path = ../../test/api/call_wren_call_root.c; sourceTree = "<group>"; };
/* End PBXFileReference section */

/* Begin PBXFrameworksBuildPhase section */
		2940E9B2206605DE0054503C /* Frameworks */ = {
			isa = PBXFrameworksBuildPhase;
			buildActionMask = 2147483647;
			files = (
			);
			runOnlyForDeploymentPostprocessing = 0;
		};
		29AB1F031816E3AD004B501E /* Frameworks */ = {
			isa = PBXFrameworksBuildPhase;
			buildActionMask = 2147483647;
			files = (
				29512C821B91F901008C10E6 /* libuv.a in Frameworks */,
			);
			runOnlyForDeploymentPostprocessing = 0;
		};
		29D0099C1B7E397D000CE58C /* Frameworks */ = {
			isa = PBXFrameworksBuildPhase;
			buildActionMask = 2147483647;
			files = (
				29512C811B91F8EB008C10E6 /* libuv.a in Frameworks */,
			);
			runOnlyForDeploymentPostprocessing = 0;
		};
/* End PBXFrameworksBuildPhase section */

/* Begin PBXGroup section */
		2901D7611B74F3E20083A2C8 /* module */ = {
			isa = PBXGroup;
			children = (
				29F384111BD19706002F84E0 /* io.h */,
				29729F2E1BA70A620099CA20 /* io.c */,
				29729F301BA70A620099CA20 /* io.wren.inc */,
				29D025E11C19CD1000A3BB28 /* os.h */,
				29D025E01C19CD1000A3BB28 /* os.c */,
				29D025E21C19CD1000A3BB28 /* os.wren.inc */,
				293B25551CEFD8C7005D9537 /* repl.h */,
				293B25541CEFD8C7005D9537 /* repl.c */,
				293B25561CEFD8C7005D9537 /* repl.wren.inc */,
				291647C31BA5EA45006142EE /* scheduler.h */,
				291647C21BA5EA45006142EE /* scheduler.c */,
				291647CD1BA5ED26006142EE /* scheduler.wren.inc */,
				2901D7621B74F4050083A2C8 /* timer.c */,
				291647CE1BA5ED26006142EE /* timer.wren.inc */,
			);
			name = module;
			sourceTree = "<group>";
		};
		29205CA01AB4E6470073018D /* vm */ = {
			isa = PBXGroup;
			children = (
				29205CA11AB4E65E0073018D /* wren_common.h */,
				29205CA21AB4E65E0073018D /* wren_compiler.h */,
				29205C921AB4E6430073018D /* wren_compiler.c */,
				29205CA31AB4E65E0073018D /* wren_core.h */,
				29205C931AB4E6430073018D /* wren_core.c */,
				29205CA41AB4E65E0073018D /* wren_debug.h */,
				29205C941AB4E6430073018D /* wren_debug.c */,
				296371B31AC713D000079FDA /* wren_opcodes.h */,
				2986F6D61ACF93BA00BCE26C /* wren_primitive.h */,
				2986F6D51ACF93BA00BCE26C /* wren_primitive.c */,
				29205CA61AB4E65E0073018D /* wren_utils.h */,
				29205C961AB4E6430073018D /* wren_utils.c */,
				29205CA71AB4E65E0073018D /* wren_value.h */,
				29205C971AB4E6430073018D /* wren_value.c */,
				29205CA81AB4E65E0073018D /* wren_vm.h */,
				29205C981AB4E6430073018D /* wren_vm.c */,
			);
			name = vm;
			sourceTree = "<group>";
		};
		29205CA91AB4E67B0073018D /* cli */ = {
			isa = PBXGroup;
			children = (
				29205C8E1AB4E5C90073018D /* main.c */,
				291647C61BA5EC5E006142EE /* modules.h */,
				291647C51BA5EC5E006142EE /* modules.c */,
				2952CD1C1FA9941700985F5F /* path.h */,
				2952CD1B1FA9941700985F5F /* path.c */,
				29703E57206DC7B7004004DC /* stat.h */,
				29C8A9321AB71FFF00DEC81D /* vm.h */,
				29C8A9311AB71FFF00DEC81D /* vm.c */,
			);
			name = cli;
			sourceTree = "<group>";
		};
		29205CAA1AB4E6840073018D /* include */ = {
			isa = PBXGroup;
			children = (
				29205C901AB4E62B0073018D /* wren.h */,
			);
			name = include;
			sourceTree = "<group>";
		};
		29AB1EFD1816E3AD004B501E = {
			isa = PBXGroup;
			children = (
				29205CA91AB4E67B0073018D /* cli */,
				29205CAA1AB4E6840073018D /* include */,
				2901D7611B74F3E20083A2C8 /* module */,
				29AF31EE1BD2E37F00AAD156 /* optional */,
				29205CA01AB4E6470073018D /* vm */,
				29D0099A1B7E394F000CE58C /* api_test */,
				29B59F0B20FC37BD00767E48 /* unit_test */,
				29512C801B91F8EB008C10E6 /* libuv.a */,
				29AB1F071816E3AD004B501E /* Products */,
			);
			sourceTree = "<group>";
		};
		29AB1F071816E3AD004B501E /* Products */ = {
			isa = PBXGroup;
			children = (
				29AB1F061816E3AD004B501E /* wren */,
				29512C7F1B91F86E008C10E6 /* api_test */,
				2940E9B8206605DE0054503C /* unit_test */,
			);
			name = Products;
			sourceTree = "<group>";
		};
		29AF31EE1BD2E37F00AAD156 /* optional */ = {
			isa = PBXGroup;
			children = (
				29A4272E1BDBE435001E6E22 /* wren_opt_meta.c */,
				29A4272F1BDBE435001E6E22 /* wren_opt_meta.h */,
				29A427301BDBE435001E6E22 /* wren_opt_meta.wren.inc */,
				29A427311BDBE435001E6E22 /* wren_opt_random.c */,
				29A427321BDBE435001E6E22 /* wren_opt_random.h */,
				29A427331BDBE435001E6E22 /* wren_opt_random.wren.inc */,
			);
			name = optional;
			sourceTree = "<group>";
		};
		29B59F0B20FC37BD00767E48 /* unit_test */ = {
			isa = PBXGroup;
			children = (
				29B59F0420FC37B700767E48 /* main.c */,
				29B59F0320FC37B600767E48 /* path_test.c */,
				29B59F0620FC37B700767E48 /* path_test.h */,
				29B59F0520FC37B700767E48 /* test.c */,
				29B59F0720FC37B700767E48 /* test.h */,
			);
			name = unit_test;
			sourceTree = "<group>";
		};
		29D0099A1B7E394F000CE58C /* api_test */ = {
			isa = PBXGroup;
			children = (
				29932D4F1C20D8C900099DEE /* benchmark.c */,
				29932D501C20D8C900099DEE /* benchmark.h */,
				29F3D08021039A630082DD88 /* call_wren_call_root.c */,
				29F3D07F21039A630082DD88 /* call_wren_call_root.h */,
				29D009A61B7E3993000CE58C /* main.c */,
				293D46941BB43F9900200083 /* call.c */,
				293D46951BB43F9900200083 /* call.h */,
				29AD965F1D0A57F800C4DFE7 /* error.c */,
				29AD96601D0A57F800C4DFE7 /* error.h */,
				29D009A81B7E39A8000CE58C /* foreign_class.c */,
				29D009A91B7E39A8000CE58C /* foreign_class.h */,
				2949AA8B1C2F14F000B106BA /* get_variable.c */,
				2949AA8C1C2F14F000B106BA /* get_variable.h */,
				29D009AC1B7E39A8000CE58C /* handle.c */,
				29D009AD1B7E39A8000CE58C /* handle.h */,
				29932D521C210F8D00099DEE /* lists.c */,
				29932D531C210F8D00099DEE /* lists.h */,
				29C946961C88F14F00B4A4F3 /* new_vm.c */,
				29C946971C88F14F00B4A4F3 /* new_vm.h */,
				29D880641DC8ECF600025364 /* reset_stack_after_call_abort.c */,
				29D880651DC8ECF600025364 /* reset_stack_after_call_abort.h */,
				29C80D581D73332A00493837 /* reset_stack_after_foreign_construct.c */,
				29C80D591D73332A00493837 /* reset_stack_after_foreign_construct.h */,
				2940E98B2063EC020054503C /* resolution.c */,
				2940E98C2063EC020054503C /* resolution.h */,
				29D009AA1B7E39A8000CE58C /* slots.c */,
				29D009AB1B7E39A8000CE58C /* slots.h */,
				29D24DB01E82C0A2006618CC /* user_data.c */,
				29D24DB11E82C0A2006618CC /* user_data.h */,
			);
			name = api_test;
			sourceTree = "<group>";
		};
/* End PBXGroup section */

/* Begin PBXNativeTarget section */
		2940E98F206605DE0054503C /* unit_test */ = {
			isa = PBXNativeTarget;
			buildConfigurationList = 2940E9B5206605DE0054503C /* Build configuration list for PBXNativeTarget "unit_test" */;
			buildPhases = (
				2940E990206605DE0054503C /* Sources */,
				2940E9B2206605DE0054503C /* Frameworks */,
				2940E9B4206605DE0054503C /* CopyFiles */,
			);
			buildRules = (
			);
			dependencies = (
			);
			name = unit_test;
			productName = api_test;
			productReference = 2940E9B8206605DE0054503C /* unit_test */;
			productType = "com.apple.product-type.tool";
		};
		29AB1F051816E3AD004B501E /* wren */ = {
			isa = PBXNativeTarget;
			buildConfigurationList = 29AB1F0F1816E3AD004B501E /* Build configuration list for PBXNativeTarget "wren" */;
			buildPhases = (
				29AB1F021816E3AD004B501E /* Sources */,
				29AB1F031816E3AD004B501E /* Frameworks */,
				29AB1F041816E3AD004B501E /* CopyFiles */,
			);
			buildRules = (
			);
			dependencies = (
			);
			name = wren;
			productName = wren;
			productReference = 29AB1F061816E3AD004B501E /* wren */;
			productType = "com.apple.product-type.tool";
		};
		29D0099E1B7E397D000CE58C /* api_test */ = {
			isa = PBXNativeTarget;
			buildConfigurationList = 29D009A31B7E397D000CE58C /* Build configuration list for PBXNativeTarget "api_test" */;
			buildPhases = (
				29D0099B1B7E397D000CE58C /* Sources */,
				29D0099C1B7E397D000CE58C /* Frameworks */,
				29D0099D1B7E397D000CE58C /* CopyFiles */,
			);
			buildRules = (
			);
			dependencies = (
			);
			name = api_test;
			productName = api_test;
			productReference = 29512C7F1B91F86E008C10E6 /* api_test */;
			productType = "com.apple.product-type.tool";
		};
/* End PBXNativeTarget section */

/* Begin PBXProject section */
		29AB1EFE1816E3AD004B501E /* Project object */ = {
			isa = PBXProject;
			attributes = {
				LastUpgradeCheck = 0610;
				ORGANIZATIONNAME = "Bob Nystrom";
				TargetAttributes = {
					29D0099E1B7E397D000CE58C = {
						CreatedOnToolsVersion = 6.3.2;
					};
				};
			};
			buildConfigurationList = 29AB1F011816E3AD004B501E /* Build configuration list for PBXProject "wren" */;
			compatibilityVersion = "Xcode 3.2";
			developmentRegion = English;
			hasScannedForEncodings = 0;
			knownRegions = (
				en,
			);
			mainGroup = 29AB1EFD1816E3AD004B501E;
			productRefGroup = 29AB1F071816E3AD004B501E /* Products */;
			projectDirPath = "";
			projectRoot = "";
			targets = (
				29AB1F051816E3AD004B501E /* wren */,
				29D0099E1B7E397D000CE58C /* api_test */,
				2940E98F206605DE0054503C /* unit_test */,
			);
		};
/* End PBXProject section */

/* Begin PBXSourcesBuildPhase section */
		2940E990206605DE0054503C /* Sources */ = {
			isa = PBXSourcesBuildPhase;
			buildActionMask = 2147483647;
			files = (
				29B59F0820FC37B700767E48 /* path_test.c in Sources */,
				2940E9BC206607830054503C /* path.c in Sources */,
				29B59F0920FC37B700767E48 /* main.c in Sources */,
				29B59F0A20FC37B700767E48 /* test.c in Sources */,
			);
			runOnlyForDeploymentPostprocessing = 0;
		};
		29AB1F021816E3AD004B501E /* Sources */ = {
			isa = PBXSourcesBuildPhase;
			buildActionMask = 2147483647;
			files = (
				29A427381BDBE435001E6E22 /* wren_opt_random.c in Sources */,
				29205C991AB4E6430073018D /* wren_compiler.c in Sources */,
				2986F6D71ACF93BA00BCE26C /* wren_primitive.c in Sources */,
				291647C71BA5EC5E006142EE /* modules.c in Sources */,
				2952CD1D1FA9941700985F5F /* path.c in Sources */,
				29A4273A1BDBE435001E6E22 /* wren_opt_random.wren.inc in Sources */,
				29205C9A1AB4E6430073018D /* wren_core.c in Sources */,
				2901D7641B74F4050083A2C8 /* timer.c in Sources */,
				29729F331BA70A620099CA20 /* io.wren.inc in Sources */,
				2940E98D2063EC030054503C /* resolution.c in Sources */,
				29C8A9331AB71FFF00DEC81D /* vm.c in Sources */,
				291647C41BA5EA45006142EE /* scheduler.c in Sources */,
				29A427341BDBE435001E6E22 /* wren_opt_meta.c in Sources */,
				29205C9B1AB4E6430073018D /* wren_debug.c in Sources */,
				293B25591CEFD8C7005D9537 /* repl.wren.inc in Sources */,
				29205C9D1AB4E6430073018D /* wren_utils.c in Sources */,
				29D025E51C19CD1000A3BB28 /* os.wren.inc in Sources */,
				29D025E31C19CD1000A3BB28 /* os.c in Sources */,
				293B25571CEFD8C7005D9537 /* repl.c in Sources */,
				29729F311BA70A620099CA20 /* io.c in Sources */,
				29A427361BDBE435001E6E22 /* wren_opt_meta.wren.inc in Sources */,
				29205C9E1AB4E6430073018D /* wren_value.c in Sources */,
				29205C9F1AB4E6430073018D /* wren_vm.c in Sources */,
				29205C8F1AB4E5C90073018D /* main.c in Sources */,
			);
			runOnlyForDeploymentPostprocessing = 0;
		};
		29D0099B1B7E397D000CE58C /* Sources */ = {
			isa = PBXSourcesBuildPhase;
			buildActionMask = 2147483647;
			files = (
				29BB20AC20FEBF0500DB29B6 /* resolution.c in Sources */,
				29BB20AB20FEBEE900DB29B6 /* path.c in Sources */,
				29A427371BDBE435001E6E22 /* wren_opt_meta.wren.inc in Sources */,
				29D025E41C19CD1000A3BB28 /* os.c in Sources */,
				29729F321BA70A620099CA20 /* io.c in Sources */,
				29932D541C210F8D00099DEE /* lists.c in Sources */,
				291647C81BA5EC5E006142EE /* modules.c in Sources */,
				29C946981C88F14F00B4A4F3 /* new_vm.c in Sources */,
				2949AA8D1C2F14F000B106BA /* get_variable.c in Sources */,
				29DC14A11BBA2FEC008A8274 /* scheduler.c in Sources */,
				29A427391BDBE435001E6E22 /* wren_opt_random.c in Sources */,
				293B255A1CEFD8C7005D9537 /* repl.wren.inc in Sources */,
				29D880661DC8ECF600025364 /* reset_stack_after_call_abort.c in Sources */,
				29932D511C20D8C900099DEE /* benchmark.c in Sources */,
				29DC14A01BBA2FD6008A8274 /* timer.c in Sources */,
				29DC149F1BBA2FCC008A8274 /* vm.c in Sources */,
				29DC14A21BBA300A008A8274 /* wren_compiler.c in Sources */,
				29DC14A31BBA300D008A8274 /* wren_core.c in Sources */,
				29DC14A41BBA3010008A8274 /* wren_debug.c in Sources */,
				29D24DB21E82C0A2006618CC /* user_data.c in Sources */,
				29DC14A61BBA3017008A8274 /* wren_primitive.c in Sources */,
				29DC14A71BBA301A008A8274 /* wren_utils.c in Sources */,
				29DC14A81BBA301D008A8274 /* wren_value.c in Sources */,
				29A4273B1BDBE435001E6E22 /* wren_opt_random.wren.inc in Sources */,
				29D025E61C19CD1000A3BB28 /* os.wren.inc in Sources */,
				29DC14A91BBA302F008A8274 /* wren_vm.c in Sources */,
				29DC14AA1BBA3032008A8274 /* main.c in Sources */,
				29F3D08121039A630082DD88 /* call_wren_call_root.c in Sources */,
				293B25581CEFD8C7005D9537 /* repl.c in Sources */,
				29C80D5A1D73332A00493837 /* reset_stack_after_foreign_construct.c in Sources */,
				29AD96611D0A57F800C4DFE7 /* error.c in Sources */,
				293D46961BB43F9900200083 /* call.c in Sources */,
				29A427351BDBE435001E6E22 /* wren_opt_meta.c in Sources */,
				29DC14AB1BBA3038008A8274 /* foreign_class.c in Sources */,
				29DC14AC1BBA303D008A8274 /* slots.c in Sources */,
				29DC14AD1BBA3040008A8274 /* handle.c in Sources */,
			);
			runOnlyForDeploymentPostprocessing = 0;
		};
/* End PBXSourcesBuildPhase section */

/* Begin XCBuildConfiguration section */
		2940E9B6206605DE0054503C /* Debug */ = {
			isa = XCBuildConfiguration;
			buildSettings = {
				CLANG_ENABLE_MODULES = YES;
				CLANG_WARN_SUSPICIOUS_IMPLICIT_CONVERSION = YES;
				CLANG_WARN_UNREACHABLE_CODE = YES;
				DEBUG_INFORMATION_FORMAT = dwarf;
				ENABLE_STRICT_OBJC_MSGSEND = YES;
				GCC_C_LANGUAGE_STANDARD = c99;
				GCC_NO_COMMON_BLOCKS = YES;
				GCC_PREPROCESSOR_DEFINITIONS = (
					"DEBUG=1",
					"$(inherited)",
				);
				GCC_WARN_PEDANTIC = NO;
				GCC_WARN_UNINITIALIZED_AUTOS = YES_AGGRESSIVE;
				LIBRARY_SEARCH_PATHS = ../../build;
				MACOSX_DEPLOYMENT_TARGET = 10.10;
				MTL_ENABLE_DEBUG_INFO = YES;
				PRODUCT_NAME = "$(TARGET_NAME)";
				USER_HEADER_SEARCH_PATHS = "../../deps/libuv/include ../../src/module";
			};
			name = Debug;
		};
		2940E9B7206605DE0054503C /* Release */ = {
			isa = XCBuildConfiguration;
			buildSettings = {
				CLANG_ENABLE_MODULES = YES;
				CLANG_WARN_SUSPICIOUS_IMPLICIT_CONVERSION = YES;
				CLANG_WARN_UNREACHABLE_CODE = YES;
				COPY_PHASE_STRIP = NO;
				ENABLE_STRICT_OBJC_MSGSEND = YES;
				GCC_C_LANGUAGE_STANDARD = c99;
				GCC_NO_COMMON_BLOCKS = YES;
				GCC_WARN_PEDANTIC = NO;
				GCC_WARN_UNINITIALIZED_AUTOS = YES_AGGRESSIVE;
				LIBRARY_SEARCH_PATHS = ../../build;
				MACOSX_DEPLOYMENT_TARGET = 10.10;
				MTL_ENABLE_DEBUG_INFO = NO;
				PRODUCT_NAME = "$(TARGET_NAME)";
				USER_HEADER_SEARCH_PATHS = "../../deps/libuv/include ../../src/module";
			};
			name = Release;
		};
		29AB1F0D1816E3AD004B501E /* Debug */ = {
			isa = XCBuildConfiguration;
			buildSettings = {
				ALWAYS_SEARCH_USER_PATHS = NO;
				CLANG_CXX_LANGUAGE_STANDARD = "gnu++0x";
				CLANG_CXX_LIBRARY = "libc++";
				CLANG_ENABLE_OBJC_ARC = YES;
				CLANG_WARN_BOOL_CONVERSION = YES;
				CLANG_WARN_CONSTANT_CONVERSION = YES;
				CLANG_WARN_DIRECT_OBJC_ISA_USAGE = YES_ERROR;
				CLANG_WARN_EMPTY_BODY = YES;
				CLANG_WARN_ENUM_CONVERSION = YES;
				CLANG_WARN_INT_CONVERSION = YES;
				CLANG_WARN_OBJC_ROOT_CLASS = YES_ERROR;
				CLANG_WARN__DUPLICATE_METHOD_MATCH = YES;
				COPY_PHASE_STRIP = NO;
				GCC_C_LANGUAGE_STANDARD = c99;
				GCC_DYNAMIC_NO_PIC = NO;
				GCC_ENABLE_OBJC_EXCEPTIONS = YES;
				GCC_OPTIMIZATION_LEVEL = 0;
				GCC_PREPROCESSOR_DEFINITIONS = (
					"DEBUG=1",
					"$(inherited)",
				);
				GCC_SYMBOLS_PRIVATE_EXTERN = NO;
				GCC_TREAT_WARNINGS_AS_ERRORS = YES;
				GCC_WARN_64_TO_32_BIT_CONVERSION = YES;
				GCC_WARN_ABOUT_RETURN_TYPE = YES_ERROR;
				GCC_WARN_PEDANTIC = YES;
				GCC_WARN_UNDECLARED_SELECTOR = YES;
				GCC_WARN_UNINITIALIZED_AUTOS = YES;
				GCC_WARN_UNUSED_FUNCTION = YES;
				GCC_WARN_UNUSED_VARIABLE = YES;
				MACOSX_DEPLOYMENT_TARGET = 10.8;
				ONLY_ACTIVE_ARCH = YES;
				SDKROOT = macosx;
			};
			name = Debug;
		};
		29AB1F0E1816E3AD004B501E /* Release */ = {
			isa = XCBuildConfiguration;
			buildSettings = {
				ALWAYS_SEARCH_USER_PATHS = NO;
				CLANG_CXX_LANGUAGE_STANDARD = "gnu++0x";
				CLANG_CXX_LIBRARY = "libc++";
				CLANG_ENABLE_OBJC_ARC = YES;
				CLANG_WARN_BOOL_CONVERSION = YES;
				CLANG_WARN_CONSTANT_CONVERSION = YES;
				CLANG_WARN_DIRECT_OBJC_ISA_USAGE = YES_ERROR;
				CLANG_WARN_EMPTY_BODY = YES;
				CLANG_WARN_ENUM_CONVERSION = YES;
				CLANG_WARN_INT_CONVERSION = YES;
				CLANG_WARN_OBJC_ROOT_CLASS = YES_ERROR;
				CLANG_WARN__DUPLICATE_METHOD_MATCH = YES;
				COPY_PHASE_STRIP = YES;
				DEBUG_INFORMATION_FORMAT = "dwarf-with-dsym";
				ENABLE_NS_ASSERTIONS = NO;
				GCC_C_LANGUAGE_STANDARD = c99;
				GCC_ENABLE_OBJC_EXCEPTIONS = YES;
				GCC_TREAT_WARNINGS_AS_ERRORS = YES;
				GCC_WARN_64_TO_32_BIT_CONVERSION = YES;
				GCC_WARN_ABOUT_RETURN_TYPE = YES_ERROR;
				GCC_WARN_PEDANTIC = YES;
				GCC_WARN_UNDECLARED_SELECTOR = YES;
				GCC_WARN_UNINITIALIZED_AUTOS = YES;
				GCC_WARN_UNUSED_FUNCTION = YES;
				GCC_WARN_UNUSED_VARIABLE = YES;
				MACOSX_DEPLOYMENT_TARGET = 10.8;
				SDKROOT = macosx;
			};
			name = Release;
		};
		29AB1F101816E3AD004B501E /* Debug */ = {
			isa = XCBuildConfiguration;
			buildSettings = {
				CLANG_WARN_SUSPICIOUS_IMPLICIT_CONVERSION = YES;
				CLANG_WARN_UNREACHABLE_CODE = YES;
				GCC_C_LANGUAGE_STANDARD = c99;
				GCC_WARN_PEDANTIC = NO;
				LIBRARY_SEARCH_PATHS = ../../build;
				PRODUCT_NAME = "$(TARGET_NAME)";
				USER_HEADER_SEARCH_PATHS = "../../deps/libuv/include ../../src/module";
			};
			name = Debug;
		};
		29AB1F111816E3AD004B501E /* Release */ = {
			isa = XCBuildConfiguration;
			buildSettings = {
				CLANG_WARN_SUSPICIOUS_IMPLICIT_CONVERSION = YES;
				CLANG_WARN_UNREACHABLE_CODE = YES;
				GCC_C_LANGUAGE_STANDARD = c99;
				GCC_WARN_PEDANTIC = NO;
				LIBRARY_SEARCH_PATHS = ../../build;
				PRODUCT_NAME = "$(TARGET_NAME)";
				USER_HEADER_SEARCH_PATHS = "../../deps/libuv/include ../../src/module";
			};
			name = Release;
		};
		29D009A41B7E397D000CE58C /* Debug */ = {
			isa = XCBuildConfiguration;
			buildSettings = {
				CLANG_ENABLE_MODULES = YES;
				CLANG_WARN_SUSPICIOUS_IMPLICIT_CONVERSION = YES;
				CLANG_WARN_UNREACHABLE_CODE = YES;
				DEBUG_INFORMATION_FORMAT = dwarf;
				ENABLE_STRICT_OBJC_MSGSEND = YES;
				GCC_C_LANGUAGE_STANDARD = c99;
				GCC_NO_COMMON_BLOCKS = YES;
				GCC_PREPROCESSOR_DEFINITIONS = (
					"DEBUG=1",
					"$(inherited)",
				);
				GCC_WARN_PEDANTIC = NO;
				GCC_WARN_UNINITIALIZED_AUTOS = YES_AGGRESSIVE;
				LIBRARY_SEARCH_PATHS = ../../build;
				MACOSX_DEPLOYMENT_TARGET = 10.10;
				MTL_ENABLE_DEBUG_INFO = YES;
				PRODUCT_NAME = "$(TARGET_NAME)";
				USER_HEADER_SEARCH_PATHS = "../../deps/libuv/include ../../src/module";
			};
			name = Debug;
		};
		29D009A51B7E397D000CE58C /* Release */ = {
			isa = XCBuildConfiguration;
			buildSettings = {
				CLANG_ENABLE_MODULES = YES;
				CLANG_WARN_SUSPICIOUS_IMPLICIT_CONVERSION = YES;
				CLANG_WARN_UNREACHABLE_CODE = YES;
				COPY_PHASE_STRIP = NO;
				ENABLE_STRICT_OBJC_MSGSEND = YES;
				GCC_C_LANGUAGE_STANDARD = c99;
				GCC_NO_COMMON_BLOCKS = YES;
				GCC_WARN_PEDANTIC = NO;
				GCC_WARN_UNINITIALIZED_AUTOS = YES_AGGRESSIVE;
				LIBRARY_SEARCH_PATHS = ../../build;
				MACOSX_DEPLOYMENT_TARGET = 10.10;
				MTL_ENABLE_DEBUG_INFO = NO;
				PRODUCT_NAME = "$(TARGET_NAME)";
				USER_HEADER_SEARCH_PATHS = "../../deps/libuv/include ../../src/module";
			};
			name = Release;
		};
/* End XCBuildConfiguration section */

/* Begin XCConfigurationList section */
		2940E9B5206605DE0054503C /* Build configuration list for PBXNativeTarget "unit_test" */ = {
			isa = XCConfigurationList;
			buildConfigurations = (
				2940E9B6206605DE0054503C /* Debug */,
				2940E9B7206605DE0054503C /* Release */,
			);
			defaultConfigurationIsVisible = 0;
			defaultConfigurationName = Release;
		};
		29AB1F011816E3AD004B501E /* Build configuration list for PBXProject "wren" */ = {
			isa = XCConfigurationList;
			buildConfigurations = (
				29AB1F0D1816E3AD004B501E /* Debug */,
				29AB1F0E1816E3AD004B501E /* Release */,
			);
			defaultConfigurationIsVisible = 0;
			defaultConfigurationName = Release;
		};
		29AB1F0F1816E3AD004B501E /* Build configuration list for PBXNativeTarget "wren" */ = {
			isa = XCConfigurationList;
			buildConfigurations = (
				29AB1F101816E3AD004B501E /* Debug */,
				29AB1F111816E3AD004B501E /* Release */,
			);
			defaultConfigurationIsVisible = 0;
			defaultConfigurationName = Release;
		};
		29D009A31B7E397D000CE58C /* Build configuration list for PBXNativeTarget "api_test" */ = {
			isa = XCConfigurationList;
			buildConfigurations = (
				29D009A41B7E397D000CE58C /* Debug */,
				29D009A51B7E397D000CE58C /* Release */,
			);
			defaultConfigurationIsVisible = 0;
			defaultConfigurationName = Release;
		};
/* End XCConfigurationList section */
	};
	rootObject = 29AB1EFE1816E3AD004B501E /* Project object */;
}
