// !$*UTF8*$!
{
	archiveVersion = 1;
	classes = {
	};
	objectVersion = 46;
	objects = {

/* Begin PBXBuildFile section */
		51FC59E1DB0F64E3761F627751CE966537590FE5EE25A4 /* wren_value.c in Sources */ = {isa = PBXBuildFile; fileRef = 3E0EE55AD30296CEB72CA8CDCC1F85E348877F6B7CF37AC /* wren_value.c */; };
		6C4ADE87FA807D089774CD54313C9821583E5BC81B76E10 /* wren_vm.c in Sources */ = {isa = PBXBuildFile; fileRef = 6C0D5F84B65A1C1845539D81AFC01D8AD199DCD6A35B7A58 /* wren_vm.c */; };
		6FD1F8C0032ED593B68B31602D1B8C5A6A130ED3D266BD3 /* wren_opt_random.c in Sources */ = {isa = PBXBuildFile; fileRef = CA644125737815DB6A4E4BA1CADD88CDE365E21A7CEBA41B /* wren_opt_random.c */; };
		8E2BFBF320773D3871501EFBB5EDFC6AF31158A9248A5378 /* wren_debug.c in Sources */ = {isa = PBXBuildFile; fileRef = 978A996E39C268007F1C75A5695436F2C832230F44617640 /* wren_debug.c */; };
		9601678D76CC0A9C332CC194BADFDBCECF372723AEB160DC /* wren_primitive.c in Sources */ = {isa = PBXBuildFile; fileRef = D44ABAC26F6161248D99667CE08402162CAEC553964AAF64 /* wren_primitive.c */; };
		9A07EECA8D5FBD0C7D2C11D322D67C3EFEED4B809172D34C /* wren_utils.c in Sources */ = {isa = PBXBuildFile; fileRef = ACDD9FB0A5CED894946F7BE7D560A786DD852951B06DE6D4 /* wren_utils.c */; };
		A6EE846CD1029E9F3EBA59DCB01FB8D1FD8A127C8C2914DF /* wren_opt_meta.c in Sources */ = {isa = PBXBuildFile; fileRef = 37890E6B62592227B630668F4E6EC19E124B99D5DBF9067 /* wren_opt_meta.c */; };
		D8C7769676585F8051FD19D088823C323E62AA02BC7325C0 /* wren_compiler.c in Sources */ = {isa = PBXBuildFile; fileRef = 9BCFC5AC5FFB2C83E54AEEFBFC16F3A32B914CFF9C07108 /* wren_compiler.c */; };
		FA6E4000B9CCD11CC1FC4534EBC61BCE42ED671C65A5575C /* wren_core.c in Sources */ = {isa = PBXBuildFile; fileRef = 435137FAA24154A4B14FB501F8CEBF166A9EB693D147D2E4 /* wren_core.c */; };
/* End PBXBuildFile section */

/* Begin PBXFileReference section */
		3084E635FCC7D88EE9D391F06DEA798088E8F0C723B126CE /* wren_primitive.h */ = {isa = PBXFileReference; lastKnownFileType = sourcecode.c.h; name = wren_primitive.h; path = ../../src/vm/wren_primitive.h; sourceTree = "<group>"; };
		31A71877BB4B776DC20EE0CAC98AF68E9C0A3DBBFB0E5B6 /* wren_opcodes.h */ = {isa = PBXFileReference; lastKnownFileType = sourcecode.c.h; name = wren_opcodes.h; path = ../../src/vm/wren_opcodes.h; sourceTree = "<group>"; };
		37890E6B62592227B630668F4E6EC19E124B99D5DBF9067 /* wren_opt_meta.c */ = {isa = PBXFileReference; lastKnownFileType = sourcecode.c.c; name = wren_opt_meta.c; path = ../../src/optional/wren_opt_meta.c; sourceTree = "<group>"; };
		3E0EE55AD30296CEB72CA8CDCC1F85E348877F6B7CF37AC /* wren_value.c */ = {isa = PBXFileReference; lastKnownFileType = sourcecode.c.c; name = wren_value.c; path = ../../src/vm/wren_value.c; sourceTree = "<group>"; };
		435137FAA24154A4B14FB501F8CEBF166A9EB693D147D2E4 /* wren_core.c */ = {isa = PBXFileReference; lastKnownFileType = sourcecode.c.c; name = wren_core.c; path = ../../src/vm/wren_core.c; sourceTree = "<group>"; };
		4DBFC1DA8BA7E8EEBBBE3EE1E2355360750D4073BAAE672E /* wren_core.h */ = {isa = PBXFileReference; lastKnownFileType = sourcecode.c.h; name = wren_core.h; path = ../../src/vm/wren_core.h; sourceTree = "<group>"; };
		4DF8C9AA4BF57B22273F07A7455B7C94B38546FC38F6D962 /* wren_vm.h */ = {isa = PBXFileReference; lastKnownFileType = sourcecode.c.h; name = wren_vm.h; path = ../../src/vm/wren_vm.h; sourceTree = "<group>"; };
		51D658DB0B8A57EECAF41C4E04A747035C4EF2EBB57B3BE /* wren_utils.h */ = {isa = PBXFileReference; lastKnownFileType = sourcecode.c.h; name = wren_utils.h; path = ../../src/vm/wren_utils.h; sourceTree = "<group>"; };
		5A1BD6E227B7A1928EB3897721795E048317EF575B785FD2 /* wren_compiler.h */ = {isa = PBXFileReference; lastKnownFileType = sourcecode.c.h; name = wren_compiler.h; path = ../../src/vm/wren_compiler.h; sourceTree = "<group>"; };
		5C20B432B819F65643B29069E7ABC5488CC83DD3C2B90496 /* wren_value.h */ = {isa = PBXFileReference; lastKnownFileType = sourcecode.c.h; name = wren_value.h; path = ../../src/vm/wren_value.h; sourceTree = "<group>"; };
		6C0D5F84B65A1C1845539D81AFC01D8AD199DCD6A35B7A58 /* wren_vm.c */ = {isa = PBXFileReference; lastKnownFileType = sourcecode.c.c; name = wren_vm.c; path = ../../src/vm/wren_vm.c; sourceTree = "<group>"; };
		8949E3BDAAEE79A52933EE3A0253EC97A24B84B2B46207E5 /* wren_opt_random.h */ = {isa = PBXFileReference; lastKnownFileType = sourcecode.c.h; name = wren_opt_random.h; path = ../../src/optional/wren_opt_random.h; sourceTree = "<group>"; };
		962ECC2714FE11AEA9A892E8703F65208EDF42354399AFEE /* wren_common.h */ = {isa = PBXFileReference; lastKnownFileType = sourcecode.c.h; name = wren_common.h; path = ../../src/vm/wren_common.h; sourceTree = "<group>"; };
		978A996E39C268007F1C75A5695436F2C832230F44617640 /* wren_debug.c */ = {isa = PBXFileReference; lastKnownFileType = sourcecode.c.c; name = wren_debug.c; path = ../../src/vm/wren_debug.c; sourceTree = "<group>"; };
		9BCFC5AC5FFB2C83E54AEEFBFC16F3A32B914CFF9C07108 /* wren_compiler.c */ = {isa = PBXFileReference; lastKnownFileType = sourcecode.c.c; name = wren_compiler.c; path = ../../src/vm/wren_compiler.c; sourceTree = "<group>"; };
		A3605D15B8CA70B1773A55134B583AA34CFC0847B430DEF1 /* wren_opt_meta.h */ = {isa = PBXFileReference; lastKnownFileType = sourcecode.c.h; name = wren_opt_meta.h; path = ../../src/optional/wren_opt_meta.h; sourceTree = "<group>"; };
		ACDD9FB0A5CED894946F7BE7D560A786DD852951B06DE6D4 /* wren_utils.c */ = {isa = PBXFileReference; lastKnownFileType = sourcecode.c.c; name = wren_utils.c; path = ../../src/vm/wren_utils.c; sourceTree = "<group>"; };
		BB6B10F880BCD9B029698DFFD74A4422E2B88F91AFC357F0 /* wren_math.h */ = {isa = PBXFileReference; lastKnownFileType = sourcecode.c.h; name = wren_math.h; path = ../../src/vm/wren_math.h; sourceTree = "<group>"; };
		C3CCDE8DECE6D43FD9E6454803F96F71DE2675BEF4156A7F /* wren.h */ = {isa = PBXFileReference; lastKnownFileType = sourcecode.c.h; name = wren.h; path = ../../src/include/wren.h; sourceTree = "<group>"; };
		C97D98CA49DA870BA0FF1DC14D4B593D8FF27031CEB7FD4B /* libwren.a */ = {isa = PBXFileReference; explicitFileType = archive.ar; includeInIndex = 0; name = libwren.a; path = libwren.a; sourceTree = BUILT_PRODUCTS_DIR; };
		CA644125737815DB6A4E4BA1CADD88CDE365E21A7CEBA41B /* wren_opt_random.c */ = {isa = PBXFileReference; lastKnownFileType = sourcecode.c.c; name = wren_opt_random.c; path = ../../src/optional/wren_opt_random.c; sourceTree = "<group>"; };
		D44ABAC26F6161248D99667CE08402162CAEC553964AAF64 /* wren_primitive.c */ = {isa = PBXFileReference; lastKnownFileType = sourcecode.c.c; name = wren_primitive.c; path = ../../src/vm/wren_primitive.c; sourceTree = "<group>"; };
		EFCA5F4B44AC34EAD75C3B82743E03DC2071E8EC4F4B432A /* wren_debug.h */ = {isa = PBXFileReference; lastKnownFileType = sourcecode.c.h; name = wren_debug.h; path = ../../src/vm/wren_debug.h; sourceTree = "<group>"; };
/* End PBXFileReference section */

/* Begin PBXFrameworksBuildPhase section */
		C0AC5CFBDF84AEFBD51A440282D0382D2BAAC0B39DA1053B /* Frameworks */ = {
			isa = PBXFrameworksBuildPhase;
			buildActionMask = 2147483647;
			files = (
			);
			runOnlyForDeploymentPostprocessing = 0;
		};
/* End PBXFrameworksBuildPhase section */

/* Begin PBXGroup section */
		134D909B046BC814EACF159207DC9A46D9C2680289493E54 /* optional */ = {
			isa = PBXGroup;
			children = (
				37890E6B62592227B630668F4E6EC19E124B99D5DBF9067 /* wren_opt_meta.c */,
				A3605D15B8CA70B1773A55134B583AA34CFC0847B430DEF1 /* wren_opt_meta.h */,
				CA644125737815DB6A4E4BA1CADD88CDE365E21A7CEBA41B /* wren_opt_random.c */,
				8949E3BDAAEE79A52933EE3A0253EC97A24B84B2B46207E5 /* wren_opt_random.h */,
			);
			name = optional;
			sourceTree = "<group>";
		};
		4AEDC6106082C0DCB548161CD1C96F0E908F796E5FBBB71C /* wren */ = {
			isa = PBXGroup;
			children = (
				7806C7175E8C72505F8A8A5402DF10029C2CF7B715175890 /* include */,
				134D909B046BC814EACF159207DC9A46D9C2680289493E54 /* optional */,
				F8B04A797E4BAA0EA893C25572C22140D4986EC5C195C04E /* vm */,
				DE2FD571A6C936B48E134D4D9B3FADE6BA17F9BDEA134CF4 /* Products */,
			);
			name = wren;
			sourceTree = "<group>";
		};
		7806C7175E8C72505F8A8A5402DF10029C2CF7B715175890 /* include */ = {
			isa = PBXGroup;
			children = (
				C3CCDE8DECE6D43FD9E6454803F96F71DE2675BEF4156A7F /* wren.h */,
			);
			name = include;
			sourceTree = "<group>";
		};
		DE2FD571A6C936B48E134D4D9B3FADE6BA17F9BDEA134CF4 /* Products */ = {
			isa = PBXGroup;
			children = (
				C97D98CA49DA870BA0FF1DC14D4B593D8FF27031CEB7FD4B /* libwren.a */,
			);
			name = Products;
			sourceTree = "<group>";
		};
		F8B04A797E4BAA0EA893C25572C22140D4986EC5C195C04E /* vm */ = {
			isa = PBXGroup;
			children = (
				962ECC2714FE11AEA9A892E8703F65208EDF42354399AFEE /* wren_common.h */,
				9BCFC5AC5FFB2C83E54AEEFBFC16F3A32B914CFF9C07108 /* wren_compiler.c */,
				5A1BD6E227B7A1928EB3897721795E048317EF575B785FD2 /* wren_compiler.h */,
				435137FAA24154A4B14FB501F8CEBF166A9EB693D147D2E4 /* wren_core.c */,
				4DBFC1DA8BA7E8EEBBBE3EE1E2355360750D4073BAAE672E /* wren_core.h */,
				978A996E39C268007F1C75A5695436F2C832230F44617640 /* wren_debug.c */,
				EFCA5F4B44AC34EAD75C3B82743E03DC2071E8EC4F4B432A /* wren_debug.h */,
				BB6B10F880BCD9B029698DFFD74A4422E2B88F91AFC357F0 /* wren_math.h */,
				31A71877BB4B776DC20EE0CAC98AF68E9C0A3DBBFB0E5B6 /* wren_opcodes.h */,
				D44ABAC26F6161248D99667CE08402162CAEC553964AAF64 /* wren_primitive.c */,
				3084E635FCC7D88EE9D391F06DEA798088E8F0C723B126CE /* wren_primitive.h */,
				ACDD9FB0A5CED894946F7BE7D560A786DD852951B06DE6D4 /* wren_utils.c */,
				51D658DB0B8A57EECAF41C4E04A747035C4EF2EBB57B3BE /* wren_utils.h */,
				3E0EE55AD30296CEB72CA8CDCC1F85E348877F6B7CF37AC /* wren_value.c */,
				5C20B432B819F65643B29069E7ABC5488CC83DD3C2B90496 /* wren_value.h */,
				6C0D5F84B65A1C1845539D81AFC01D8AD199DCD6A35B7A58 /* wren_vm.c */,
				4DF8C9AA4BF57B22273F07A7455B7C94B38546FC38F6D962 /* wren_vm.h */,
			);
			name = vm;
			sourceTree = "<group>";
		};
/* End PBXGroup section */

/* Begin PBXNativeTarget section */
		442B2B3DFC9829911C27560F2B3E7D83ED176FD4847FD7D1 /* wren */ = {
			isa = PBXNativeTarget;
			buildConfigurationList = C0AC5CFACDBFF75AD51A4401710B808C2BAAC0B28BDC4D9A /* Build configuration list for PBXNativeTarget "wren" */;
			buildPhases = (
				C0AC5CFF4F6C2F9BD51A4405F2B7B8CD2BAAC0B70D8885DB /* Resources */,
				C0AC5CFFB91948F2D51A44065C64D2242BAAC0B777359F32 /* Sources */,
				C0AC5CFBDF84AEFBD51A440282D0382D2BAAC0B39DA1053B /* Frameworks */,
			);
			buildRules = (
			);
			dependencies = (
			);
			name = wren;
			productName = wren;
			productReference = C97D98CA49DA870BA0FF1DC14D4B593D8FF27031CEB7FD4B /* libwren.a */;
			productType = "com.apple.product-type.library.static";
		};
/* End PBXNativeTarget section */

/* Begin PBXProject section */
		08FB7793FE84155DC02AAC07 /* Project object */ = {
			isa = PBXProject;
			buildConfigurationList = 1DEB928908733DD80010E9CD /* Build configuration list for PBXProject "wren" */;
			compatibilityVersion = "Xcode 3.2";
			hasScannedForEncodings = 1;
			mainGroup = 4AEDC6106082C0DCB548161CD1C96F0E908F796E5FBBB71C /* wren */;
			projectDirPath = "";
			projectRoot = "";
			targets = (
				442B2B3DFC9829911C27560F2B3E7D83ED176FD4847FD7D1 /* libwren.a */,
			);
		};
/* End PBXProject section */

/* Begin PBXResourcesBuildPhase section */
		C0AC5CFF4F6C2F9BD51A4405F2B7B8CD2BAAC0B70D8885DB /* Resources */ = {
			isa = PBXResourcesBuildPhase;
			buildActionMask = 2147483647;
			files = (
			);
			runOnlyForDeploymentPostprocessing = 0;
		};
/* End PBXResourcesBuildPhase section */

/* Begin PBXSourcesBuildPhase section */
		C0AC5CFFB91948F2D51A44065C64D2242BAAC0B777359F32 /* Sources */ = {
			isa = PBXSourcesBuildPhase;
			buildActionMask = 2147483647;
			files = (
				A6EE846CD1029E9F3EBA59DCB01FB8D1FD8A127C8C2914DF /* wren_opt_meta.c in Sources */,
				6FD1F8C0032ED593B68B31602D1B8C5A6A130ED3D266BD3 /* wren_opt_random.c in Sources */,
				D8C7769676585F8051FD19D088823C323E62AA02BC7325C0 /* wren_compiler.c in Sources */,
				FA6E4000B9CCD11CC1FC4534EBC61BCE42ED671C65A5575C /* wren_core.c in Sources */,
				8E2BFBF320773D3871501EFBB5EDFC6AF31158A9248A5378 /* wren_debug.c in Sources */,
				9601678D76CC0A9C332CC194BADFDBCECF372723AEB160DC /* wren_primitive.c in Sources */,
				9A07EECA8D5FBD0C7D2C11D322D67C3EFEED4B809172D34C /* wren_utils.c in Sources */,
				51FC59E1DB0F64E3761F627751CE966537590FE5EE25A4 /* wren_value.c in Sources */,
				6C4ADE87FA807D089774CD54313C9821583E5BC81B76E10 /* wren_vm.c in Sources */,
			);
			runOnlyForDeploymentPostprocessing = 0;
		};
/* End PBXSourcesBuildPhase section */

/* Begin PBXVariantGroup section */
/* End PBXVariantGroup section */

/* Begin XCBuildConfiguration section */
		184BF2BB4597E320D5CFC7F98E08C75267103C62D2A79960 /* Debug */ = {
			isa = XCBuildConfiguration;
			buildSettings = {
				ALWAYS_SEARCH_USER_PATHS = NO;
				CONFIGURATION_BUILD_DIR = ../../lib;
				DEBUG_INFORMATION_FORMAT = "dwarf-with-dsym";
				GCC_DYNAMIC_NO_PIC = NO;
				INSTALL_PATH = /usr/local/lib;
				PRODUCT_NAME = wren_d;
			};
			name = Debug;
		};
		2334C0512FCCE8EBCFEE981C6887AF5D5BB86A90F81EE72B /* Debug */ = {
			isa = XCBuildConfiguration;
			buildSettings = {
				CONFIGURATION_BUILD_DIR = "$(SYMROOT)";
				CONFIGURATION_TEMP_DIR = "$(OBJROOT)";
				COPY_PHASE_STRIP = NO;
				GCC_C_LANGUAGE_STANDARD = C99;
				GCC_ENABLE_FIX_AND_CONTINUE = YES;
				GCC_OPTIMIZATION_LEVEL = 0;
				GCC_PREPROCESSOR_DEFINITIONS = (
					DEBUG,
					"WREN_NAN_TAGGING=0",
				);
				GCC_SYMBOLS_PRIVATE_EXTERN = NO;
				GCC_WARN_ABOUT_RETURN_TYPE = YES;
				GCC_WARN_UNUSED_VARIABLE = YES;
				OBJROOT = "obj/64bit-no-nan-tagging/Debug/wren";
				ONLY_ACTIVE_ARCH = YES;
				SYMROOT = ../../lib;
				USER_HEADER_SEARCH_PATHS = (
					../../src/include,
					../../src/vm,
					../../src/optional,
				);
			};
			name = Debug;
		};
		7DC8BE9451E0461AAB96DC867A1AFECC8EC6105361B68C5A /* Release */ = {
			isa = XCBuildConfiguration;
			buildSettings = {
				ALWAYS_SEARCH_USER_PATHS = NO;
				CONFIGURATION_BUILD_DIR = ../../lib;
				DEBUG_INFORMATION_FORMAT = "dwarf-with-dsym";
				GCC_DYNAMIC_NO_PIC = NO;
				INSTALL_PATH = /usr/local/lib;
				PRODUCT_NAME = wren;
			};
			name = Release;
		};
		C3B253024B12A9E586414A7E9D98D4D72BC98C556FDD3825 /* Release */ = {
			isa = XCBuildConfiguration;
			buildSettings = {
				CONFIGURATION_BUILD_DIR = "$(SYMROOT)";
				CONFIGURATION_TEMP_DIR = "$(OBJROOT)";
				GCC_C_LANGUAGE_STANDARD = C99;
				GCC_OPTIMIZATION_LEVEL = 3;
				GCC_PREPROCESSOR_DEFINITIONS = (
					NDEBUG,
					"WREN_NAN_TAGGING=0",
				);
				GCC_SYMBOLS_PRIVATE_EXTERN = NO;
				GCC_WARN_ABOUT_RETURN_TYPE = YES;
				GCC_WARN_UNUSED_VARIABLE = YES;
				OBJROOT = "obj/64bit-no-nan-tagging/Release/wren";
				ONLY_ACTIVE_ARCH = NO;
				SYMROOT = ../../lib;
				USER_HEADER_SEARCH_PATHS = (
					../../src/include,
					../../src/vm,
					../../src/optional,
				);
			};
			name = Release;
		};
/* End XCBuildConfiguration section */

/* Begin XCConfigurationList section */
		1DEB928908733DD80010E9CD /* Build configuration list for PBXProject "wren" */ = {
			isa = XCConfigurationList;
			buildConfigurations = (
				C3B253024B12A9E586414A7E9D98D4D72BC98C556FDD3825 /* Release */,
				C3B253024B12A9E586414A7E9D98D4D72BC98C556FDD3825 /* Release */,
				C3B253024B12A9E586414A7E9D98D4D72BC98C556FDD3825 /* Release */,
				2334C0512FCCE8EBCFEE981C6887AF5D5BB86A90F81EE72B /* Debug */,
				2334C0512FCCE8EBCFEE981C6887AF5D5BB86A90F81EE72B /* Debug */,
				2334C0512FCCE8EBCFEE981C6887AF5D5BB86A90F81EE72B /* Debug */,
			);
			defaultConfigurationIsVisible = 0;
			defaultConfigurationName = Release;
		};
		C0AC5CFACDBFF75AD51A4401710B808C2BAAC0B28BDC4D9A /* Build configuration list for PBXNativeTarget "libwren.a" */ = {
			isa = XCConfigurationList;
			buildConfigurations = (
				7DC8BE9451E0461AAB96DC867A1AFECC8EC6105361B68C5A /* Release */,
				7DC8BE9451E0461AAB96DC867A1AFECC8EC6105361B68C5A /* Release */,
				7DC8BE9451E0461AAB96DC867A1AFECC8EC6105361B68C5A /* Release */,
				184BF2BB4597E320D5CFC7F98E08C75267103C62D2A79960 /* Debug */,
				184BF2BB4597E320D5CFC7F98E08C75267103C62D2A79960 /* Debug */,
				184BF2BB4597E320D5CFC7F98E08C75267103C62D2A79960 /* Debug */,
			);
			defaultConfigurationIsVisible = 0;
			defaultConfigurationName = Release;
		};
/* End XCConfigurationList section */
};
rootObject = 08FB7793FE84155DC02AAC07 /* Project object */;
}